dependencies:
  espressif/aht30:
    component_hash: 939149f0f4a3aad63b8f9bf04218fdeb01c34062f73847fee99e90a619461ad3
    dependencies:
    - name: idf
      require: private
      version: '>=5.2'
    - name: espressif/sensor_hub
      registry_url: https://components.espressif.com
      require: public
      version: ^0.1.4
    source:
      registry_url: https://components.espressif.com
      type: service
    version: 1.0.0
  espressif/button:
    component_hash: d0afa32f0e50d60bc0c6fc23f7eea98adc6b02cfe70b590bc52c23c506745287
    dependencies:
    - name: espressif/cmake_utilities
      registry_url: https://components.espressif.com
      require: private
      version: '*'
    - name: idf
      require: private
      version: '>=4.0'
    source:
      registry_url: https://components.espressif.com
      type: service
    version: 4.1.6
  espressif/cmake_utilities:
    component_hash: 351350613ceafba240b761b4ea991e0f231ac7a9f59a9ee901f751bddc0bb18f
    dependencies:
    - name: idf
      require: private
      version: '>=4.1'
    source:
      registry_url: https://components.espressif.com
      type: service
    version: 0.5.3
  espressif/esp-box-3:
    component_hash: 43d8fee82c084bc42a5fcb3b3bec259e521cf85d1d19b96f5ad9c5c32c224ec9
    dependencies:
    - name: espressif/aht30
      registry_url: https://components.espressif.com
      require: private
      version: ^1.0.0
    - name: espressif/button
      registry_url: https://components.espressif.com
      require: public
      version: ^4
    - name: espressif/esp_codec_dev
      registry_url: https://components.espressif.com
      require: public
      version: ~1.5
    - name: espressif/esp_lcd_ili9341
      registry_url: https://components.espressif.com
      require: private
      version: ^2.0.1
    - name: espressif/esp_lcd_touch_gt911
      registry_url: https://components.espressif.com
      require: private
      version: ^1
    - name: espressif/esp_lcd_touch_tt21100
      registry_url: https://components.espressif.com
      require: private
      version: ^1
    - name: espressif/esp_lvgl_port
      registry_url: https://components.espressif.com
      require: public
      version: ^2
    - name: espressif/icm42670
      registry_url: https://components.espressif.com
      require: public
      version: ^2.0.2
    - name: idf
      require: private
      version: '>=5.3'
    source:
      registry_url: https://components.espressif.com/
      type: service
    targets:
    - esp32s3
    version: 3.2.0
  espressif/esp_codec_dev:
    component_hash: 54870f7a66dd93367b4153dedb22299efadf8b7b2ead322cdebc7c92a542fa35
    dependencies:
    - name: idf
      require: private
      version: '>=4.0'
    source:
      registry_url: https://components.espressif.com
      type: service
    version: 1.5.7
  espressif/esp_lcd_ili9341:
    component_hash: 0baab584e0e490511d6bdbae6aa045130424d732ecdaad6cd1d3bd3c0abe2c30
    dependencies:
    - name: espressif/cmake_utilities
      registry_url: https://components.espressif.com
      require: private
      version: 0.*
    - name: idf
      require: private
      version: '>=4.4'
    source:
      registry_url: https://components.espressif.com
      type: service
    version: 2.0.2
  espressif/esp_lcd_touch:
    component_hash: 3f85a7d95af876f1a6ecca8eb90a81614890d0f03a038390804e5a77e2caf862
    dependencies:
    - name: idf
      require: private
      version: '>=4.4.2'
    source:
      registry_url: https://components.espressif.com
      type: service
    version: 1.2.1
  espressif/esp_lcd_touch_gt911:
    component_hash: 6029febef66eefd0910d527d7f30292779ccbf22a8dedd2bd69466acf0068a7b
    dependencies:
    - name: espressif/esp_lcd_touch
      registry_url: https://components.espressif.com
      require: public
      version: ^1.2.0
    - name: idf
      require: private
      version: '>=5.2'
    source:
      registry_url: https://components.espressif.com
      type: service
    version: 1.2.0~2
  espressif/esp_lcd_touch_tt21100:
    component_hash: 2177cdba2d86d555bd8fa76c842a65d60d0e7df0f68f301e5ef296e5c0863d35
    dependencies:
    - name: espressif/esp_lcd_touch
      registry_url: https://components.espressif.com
      require: public
      version: ^1.2.0
    - name: idf
      require: private
      version: '>=5.2'
    source:
      registry_url: https://components.espressif.com
      type: service
    version: 1.2.0~1
  espressif/esp_lvgl_port:
    component_hash: b6360960f47b6776462e7092861b3ea66477ffb762a01baa0aecbb3d74cd50f4
    dependencies:
    - name: idf
      require: private
      version: '>=5.1'
    - name: lvgl/lvgl
      registry_url: https://components.espressif.com
      require: public
      version: '>=8,<10'
    source:
      registry_url: https://components.espressif.com
      type: service
    version: 2.7.2
  espressif/i2c_bus:
    component_hash: 804ec068d163570fd367b279a310ca383484630d2310c586b50def0bcf21de13
    dependencies:
    - name: espressif/cmake_utilities
      registry_url: https://components.espressif.com
      require: private
      version: '*'
    - name: idf
      require: private
      version: '>=4.0'
    source:
      registry_url: https://components.espressif.com
      type: service
    version: 1.5.1
  espressif/icm42670:
    component_hash: fc8b20e588ef60e882d2980dcb041ee90574c4dc850e92c7a1941f1d32f65678
    dependencies:
    - name: idf
      require: private
      version: '>=5.2'
    - name: espressif/sensor_hub
      registry_url: https://components.espressif.com
      require: public
      version: ^0.1.4
    source:
      registry_url: https://components.espressif.com
      type: service
    version: 2.1.0
  espressif/sensor_hub:
    component_hash: b3e72f3e2d10e165b972b17fff889f294b1a685769efacf73ec8f1e92152d1d5
    dependencies:
    - name: espressif/cmake_utilities
      registry_url: https://components.espressif.com
      require: private
      version: 0.*
    - name: espressif/i2c_bus
      registry_url: https://components.espressif.com
      require: public
      version: 1.*
    - name: idf
      require: private
      version: '>=4.4'
    source:
      registry_url: https://components.espressif.com
      type: service
    version: 0.1.4
  idf:
    source:
      type: idf
    version: 6.0.0
  lvgl/lvgl:
    component_hash: b702d642e03e95928046d5c6726558e6444e112420c77efa5fdb6650b0a13c5d
    dependencies: []
    source:
      registry_url: https://components.espressif.com
      type: service
    version: 9.3.0
direct_dependencies:
- espressif/esp-box-3
- idf
manifest_hash: d124c405546d9359fa2c2eb85fc888aef844202298143e6221b6b9303c4b1a2d
target: esp32s3
version: 3.0.0
